
Microsoft Visual Studio Solution File, Format Version 12.00
# Visual Studio 15
VisualStudioVersion = 15.0.28307.1169
MinimumVisualStudioVersion = 10.0.40219.1
Project("{FAE04EC0-301F-11D3-BF4B-00C04F79EFBC}") = "WebApplication2", "WebApplication2\WebApplication2.csproj", "{172B0740-DD3B-46A4-92A2-81D1388CBB83}"
EndProject
Project("{FAE04EC0-301F-11D3-BF4B-00C04F79EFBC}") = "WebApplication2.Tests", "WebApplication2.Tests\WebApplication2.Tests.csproj", "{AFACFACD-918A-4584-9F45-C0AF1AAA8784}"
EndProject
Global
	GlobalSection(SolutionConfigurationPlatforms) = preSolution
		Debug|Any CPU = Debug|Any CPU
		Release|Any CPU = Release|Any CPU
	EndGlobalSection
	GlobalSection(ProjectConfigurationPlatforms) = postSolution
		{172B0740-DD3B-46A4-92A2-81D1388CBB83}.Debug|Any CPU.ActiveCfg = Debug|Any CPU
		{172B0740-DD3B-46A4-92A2-81D1388CBB83}.Debug|Any CPU.Build.0 = Debug|Any CPU
		{172B0740-DD3B-46A4-92A2-81D1388CBB83}.Release|Any CPU.ActiveCfg = Release|Any CPU
		{172B0740-DD3B-46A4-92A2-81D1388CBB83}.Release|Any CPU.Build.0 = Release|Any CPU
		{AFACFACD-918A-4584-9F45-C0AF1AAA8784}.Debug|Any CPU.ActiveCfg = Debug|Any CPU
		{AFACFACD-918A-4584-9F45-C0AF1AAA8784}.Debug|Any CPU.Build.0 = Debug|Any CPU
		{AFACFACD-918A-4584-9F45-C0AF1AAA8784}.Release|Any CPU.ActiveCfg = Release|Any CPU
		{AFACFACD-918A-4584-9F45-C0AF1AAA8784}.Release|Any CPU.Build.0 = Release|Any CPU
	EndGlobalSection
	GlobalSection(SolutionProperties) = preSolution
		HideSolutionNode = FALSE
	EndGlobalSection
	GlobalSection(ExtensibilityGlobals) = postSolution
		SolutionGuid = {A50F1A44-8813-4E8F-B0A2-02B4F20C758E}
	EndGlobalSection
EndGlobal
